
Microsoft Visual Studio Solution File, Format Version 12.00
# Visual Studio 15
VisualStudioVersion = 15.0.28307.539
MinimumVisualStudioVersion = 10.0.40219.1
Project("{FAE04EC0-301F-11D3-BF4B-00C04F79EFBC}") = "Adventure_game_2d", "Adventure_game_2d\Adventure_game_2d.csproj", "{3ACBF10C-48E8-42AC-A60E-741A49AE2A53}"
EndProject
Global
	GlobalSection(SolutionConfigurationPlatforms) = preSolution
		Debug|Any CPU = Debug|Any CPU
		Release|Any CPU = Release|Any CPU
	EndGlobalSection
	GlobalSection(ProjectConfigurationPlatforms) = postSolution
		{3ACBF10C-48E8-42AC-A60E-741A49AE2A53}.Debug|Any CPU.ActiveCfg = Debug|Any CPU
		{3ACBF10C-48E8-42AC-A60E-741A49AE2A53}.Debug|Any CPU.Build.0 = Debug|Any CPU
		{3ACBF10C-48E8-42AC-A60E-741A49AE2A53}.Release|Any CPU.ActiveCfg = Release|Any CPU
		{3ACBF10C-48E8-42AC-A60E-741A49AE2A53}.Release|Any CPU.Build.0 = Release|Any CPU
	EndGlobalSection
	GlobalSection(SolutionProperties) = preSolution
		HideSolutionNode = FALSE
	EndGlobalSection
	GlobalSection(ExtensibilityGlobals) = postSolution
		SolutionGuid = {09F9E28C-D4AC-4826-909E-0C33575631AB}
	EndGlobalSection
EndGlobal
